
Microsoft Visual Studio Solution File, Format Version 11.00
# Visual Studio 2010
Project("{FAE04EC0-301F-11D3-BF4B-00C04F79EFBC}") = "InterceptorTester", "InterceptorTester.csproj", "{B9116D5F-8F76-4C54-9A9E-846CA3129C6C}"
EndProject
Global
	GlobalSection(SolutionConfigurationPlatforms) = preSolution
		Debug|Any CPU = Debug|Any CPU
		Release|Any CPU = Release|Any CPU
	EndGlobalSection
	GlobalSection(ProjectConfigurationPlatforms) = postSolution
		{B9116D5F-8F76-4C54-9A9E-846CA3129C6C}.Debug|Any CPU.ActiveCfg = Debug|Any CPU
		{B9116D5F-8F76-4C54-9A9E-846CA3129C6C}.Debug|Any CPU.Build.0 = Debug|Any CPU
		{B9116D5F-8F76-4C54-9A9E-846CA3129C6C}.Release|Any CPU.ActiveCfg = Release|Any CPU
		{B9116D5F-8F76-4C54-9A9E-846CA3129C6C}.Release|Any CPU.Build.0 = Release|Any CPU
	EndGlobalSection
EndGlobal
